
Microsoft Visual Studio Solution File, Format Version 12.00
# Visual Studio Version 17
VisualStudioVersion = 17.14.36915.13 d17.14
MinimumVisualStudioVersion = 10.0.40219.1
Project("{FAE04EC0-301F-11D3-BF4B-00C04F79EFBC}") = "Prog part1", "Prog part1\Prog part1.csproj", "{0F0C4FCB-5017-43FC-A8F5-BFC52593B723}"
EndProject
Global
	GlobalSection(SolutionConfigurationPlatforms) = preSolution
		Debug|Any CPU = Debug|Any CPU
		Release|Any CPU = Release|Any CPU
	EndGlobalSection
	GlobalSection(ProjectConfigurationPlatforms) = postSolution
		{0F0C4FCB-5017-43FC-A8F5-BFC52593B723}.Debug|Any CPU.ActiveCfg = Debug|Any CPU
		{0F0C4FCB-5017-43FC-A8F5-BFC52593B723}.Debug|Any CPU.Build.0 = Debug|Any CPU
		{0F0C4FCB-5017-43FC-A8F5-BFC52593B723}.Release|Any CPU.ActiveCfg = Release|Any CPU
		{0F0C4FCB-5017-43FC-A8F5-BFC52593B723}.Release|Any CPU.Build.0 = Release|Any CPU
	EndGlobalSection
	GlobalSection(SolutionProperties) = preSolution
		HideSolutionNode = FALSE
	EndGlobalSection
	GlobalSection(ExtensibilityGlobals) = postSolution
		SolutionGuid = {AEAFDFA9-89F7-4886-9F6D-14E08327656C}
	EndGlobalSection
EndGlobal
